
Microsoft Visual Studio Solution File, Format Version 12.00
# Visual Studio Version 16
VisualStudioVersion = 16.0.28527.54
MinimumVisualStudioVersion = 10.0.40219.1
Project("{8BC9CEB8-8B4A-11D0-8D11-00A0C91BC942}") = "HelloAPI", "HelloAPI.vcxproj", "{5D897482-A628-4F48-AA9E-0F434B8489C3}"
EndProject
Global
	GlobalSection(SolutionConfigurationPlatforms) = preSolution
		Debug|x64 = Debug|x64
		Debug|x86 = Debug|x86
		Release|x64 = Release|x64
		Release|x86 = Release|x86
	EndGlobalSection
	GlobalSection(ProjectConfigurationPlatforms) = postSolution
		{5D897482-A628-4F48-AA9E-0F434B8489C3}.Debug|x64.ActiveCfg = Debug|x64
		{5D897482-A628-4F48-AA9E-0F434B8489C3}.Debug|x64.Build.0 = Debug|x64
		{5D897482-A628-4F48-AA9E-0F434B8489C3}.Debug|x86.ActiveCfg = Debug|Win32
		{5D897482-A628-4F48-AA9E-0F434B8489C3}.Debug|x86.Build.0 = Debug|Win32
		{5D897482-A628-4F48-AA9E-0F434B8489C3}.Release|x64.ActiveCfg = Release|x64
		{5D897482-A628-4F48-AA9E-0F434B8489C3}.Release|x64.Build.0 = Release|x64
		{5D897482-A628-4F48-AA9E-0F434B8489C3}.Release|x86.ActiveCfg = Release|Win32
		{5D897482-A628-4F48-AA9E-0F434B8489C3}.Release|x86.Build.0 = Release|Win32
	EndGlobalSection
	GlobalSection(SolutionProperties) = preSolution
		HideSolutionNode = FALSE
	EndGlobalSection
	GlobalSection(ExtensibilityGlobals) = postSolution
		SolutionGuid = {F9A82B98-548B-45CF-9C58-F4A0CF5306C7}
	EndGlobalSection
EndGlobal
